
Microsoft Visual Studio Solution File, Format Version 12.00
# Visual Studio Version 17
VisualStudioVersion = 17.0.31912.275
MinimumVisualStudioVersion = 10.0.40219.1
Project("{2150E333-8FDC-42A3-9474-1A3956D46DE8}") = "Veracity", "Veracity", "{CE000EEA-07FE-4095-8AA0-6369B09B3E3F}"
EndProject
Project("{2150E333-8FDC-42A3-9474-1A3956D46DE8}") = "Services", "Services", "{7E7B2247-DB4F-46CA-81F3-6D5A995622C6}"
EndProject
Project("{2150E333-8FDC-42A3-9474-1A3956D46DE8}") = "ApiV3", "ApiV3", "{FB9BE59A-BF23-4BBA-81F4-887B29EF78E9}"
EndProject
Project("{2150E333-8FDC-42A3-9474-1A3956D46DE8}") = "Authorization", "Authorization", "{2E985B44-D129-41BC-8CA8-7AC4975CFE61}"
EndProject
Project("{9A19103F-16F7-4668-BE54-9A1E7A4F7556}") = "DNVGL.Authorization.Web", "Authorization\DNVGL.Authorization.Web\DNVGL.Authorization.Web.csproj", "{ABAAB75F-C40D-4517-B909-A4D84BB56B8B}"
EndProject
Project("{9A19103F-16F7-4668-BE54-9A1E7A4F7556}") = "DNVGL.Authorization.UserManagement.Abstraction", "Authorization\DNVGL.Authorization.UserManagement.Abstraction\DNVGL.Authorization.UserManagement.Abstraction.csproj", "{6E4F4EB6-5270-41D3-89FE-85F5B6995B48}"
EndProject
Project("{9A19103F-16F7-4668-BE54-9A1E7A4F7556}") = "DNVGL.Authorization.Web.Tests", "Authorization\DNVGL.Authorization.Web.Tests\DNVGL.Authorization.Web.Tests.csproj", "{DB5F8CF6-F721-4CB0-86E3-6997F45FA24A}"
EndProject
Project("{9A19103F-16F7-4668-BE54-9A1E7A4F7556}") = "DNVGL.Authorization.UserManagement.EFCore", "Authorization\DNVGL.Authorization.UserManagement.EFCore\DNVGL.Authorization.UserManagement.EFCore.csproj", "{6BD407FB-9DAA-4C71-AF67-3511982DFF0B}"
EndProject
Project("{9A19103F-16F7-4668-BE54-9A1E7A4F7556}") = "DNVGL.Authorization.UserManagement.ApiControllers", "Authorization\DNVGL.Authorization.UserManagement.ApiControllers\DNVGL.Authorization.UserManagement.ApiControllers.csproj", "{E1083941-EBD5-43FF-ADD7-FDA087FF9900}"
EndProject
Project("{9A19103F-16F7-4668-BE54-9A1E7A4F7556}") = "DNVGL.Authorization.UserManagement.EFCore.Tests", "Authorization\DNVGL.Authorization.UserManagement.EFCore.Tests\DNVGL.Authorization.UserManagement.EFCore.Tests.csproj", "{06A08091-8196-4629-A907-08C251BFD6A3}"
EndProject
Project("{2150E333-8FDC-42A3-9474-1A3956D46DE8}") = "DDD", "DDD", "{896376C3-33A0-4A46-B33E-ACE7229F5452}"
EndProject
Project("{2150E333-8FDC-42A3-9474-1A3956D46DE8}") = "Web.Security", "Web.Security", "{216D65B7-5E26-41CA-B28F-3F6CE5295673}"
EndProject
Project("{2150E333-8FDC-42A3-9474-1A3956D46DE8}") = "Common", "Common", "{6421F528-1439-44E6-B936-8067DF5F8E43}"
EndProject
Project("{2150E333-8FDC-42A3-9474-1A3956D46DE8}") = "OAuth.Web", "OAuth.Web", "{92B1E5CF-9DA5-4934-B008-896CC27D6CBD}"
EndProject
Project("{2150E333-8FDC-42A3-9474-1A3956D46DE8}") = "OAuth", "OAuth", "{275F235F-1574-4E5C-9A2E-066D505B4C9B}"
EndProject
Project("{2150E333-8FDC-42A3-9474-1A3956D46DE8}") = "SecretsManager", "SecretsManager", "{561EA555-4BD3-4100-B8CD-8A5C315F718C}"
EndProject
Project("{9A19103F-16F7-4668-BE54-9A1E7A4F7556}") = "DNV.SecretsManager", "DNV.SecretsManager\DNV.SecretsManager.csproj", "{F825E66E-D7A8-41C3-95B8-CC1CC11186C8}"
EndProject
Project("{9A19103F-16F7-4668-BE54-9A1E7A4F7556}") = "DNV.SecretsManager.ConsoleApp", "DNV.SecretsManager.ConsoleApp\DNV.SecretsManager.ConsoleApp.csproj", "{BFF10B2A-1525-49F1-A76C-E222CBAB046E}"
EndProject
Project("{9A19103F-16F7-4668-BE54-9A1E7A4F7556}") = "DNV.Application.Abstractions", "DDD\DNV.Application.Abstractions\DNV.Application.Abstractions.csproj", "{B0DFAC17-6613-43A5-997E-4FB2062E614D}"
EndProject
Project("{9A19103F-16F7-4668-BE54-9A1E7A4F7556}") = "DNV.Application.CQRS.Abstractions", "DDD\DNV.Application.CQRS.Abstractions\DNV.Application.CQRS.Abstractions.csproj", "{665C8402-18E3-4225-8B88-A80D31270FDD}"
EndProject
Project("{9A19103F-16F7-4668-BE54-9A1E7A4F7556}") = "DNVGL.Domain.EventHub.MediatR", "DDD\DNVGL.Domain.EventHub.MediatR\DNVGL.Domain.EventHub.MediatR.csproj", "{85870439-D763-4898-84D0-5D853878CC21}"
EndProject
Project("{9A19103F-16F7-4668-BE54-9A1E7A4F7556}") = "DNVGL.Domain.Seedwork", "DDD\DNVGL.Domain.Seedwork\DNVGL.Domain.Seedwork.csproj", "{58A6BC2B-F783-4383-9663-4B464D8CC739}"
EndProject
Project("{9A19103F-16F7-4668-BE54-9A1E7A4F7556}") = "DNVGL.Common.Core", "Common\DNVGL.Common.Core\DNVGL.Common.Core.csproj", "{856D2A26-FA3E-4968-A659-29ED531C78F2}"
EndProject
Project("{9A19103F-16F7-4668-BE54-9A1E7A4F7556}") = "DNVGL.OAuth.Web", "OAuth.Web\DNVGL.OAuth.Web\DNVGL.OAuth.Web.csproj", "{791D57D2-CDED-49CD-97D6-3201C67CFD4D}"
EndProject
Project("{9A19103F-16F7-4668-BE54-9A1E7A4F7556}") = "DNV.OAuth.Web.Extensions", "OAuth.Web\DNVGL.OAuth.Web.Extensions\DNV.OAuth.Web.Extensions.csproj", "{F19042BA-F441-46E2-AF10-2DC8DACBF982}"
EndProject
Project("{9A19103F-16F7-4668-BE54-9A1E7A4F7556}") = "DNVGL.OAuth.Web.Swagger", "OAuth.Web\DNVGL.OAuth.Web.Swagger\DNVGL.OAuth.Web.Swagger.csproj", "{5FB3B17C-E03D-49A2-87DA-321F59F85FFF}"
EndProject
Project("{9A19103F-16F7-4668-BE54-9A1E7A4F7556}") = "DNVGL.Veracity.Services.Api.My", "Veracity\Services\ApiV3\DNVGL.Veracity.Services.Api.My\DNVGL.Veracity.Services.Api.My.csproj", "{06CB0624-5E76-4995-ACAD-EB443DEE9B3C}"
EndProject
Project("{9A19103F-16F7-4668-BE54-9A1E7A4F7556}") = "DNVGL.Veracity.Services.Api.This", "Veracity\Services\ApiV3\DNVGL.Veracity.Services.Api.This\DNVGL.Veracity.Services.Api.This.csproj", "{180FD948-8326-4269-B5B6-C4CACFA06DA5}"
EndProject
Project("{9A19103F-16F7-4668-BE54-9A1E7A4F7556}") = "DNVGL.Veracity.Services.Api.Directory", "Veracity\Services\ApiV3\DNVGL.Veracity.Services.Api.Directory\DNVGL.Veracity.Services.Api.Directory.csproj", "{C450565D-E6F3-46CD-B594-32E8E1FAB68B}"
EndProject
Project("{9A19103F-16F7-4668-BE54-9A1E7A4F7556}") = "DNVGL.Veracity.Services.Api.Directory.Abstractions", "Veracity\Services\DNVGL.Veracity.Services.Api.Directory.Abstractions\DNVGL.Veracity.Services.Api.Directory.Abstractions.csproj", "{D5E4E7FB-22F7-4836-9281-4FB79235C186}"
EndProject
Project("{9A19103F-16F7-4668-BE54-9A1E7A4F7556}") = "DNVGL.Veracity.Services.Api.My.Abstractions", "Veracity\Services\DNVGL.Veracity.Services.Api.My.Abstractions\DNVGL.Veracity.Services.Api.My.Abstractions.csproj", "{EFA4F0DA-72BB-4FA2-A55A-555D0800E9EA}"
EndProject
Project("{9A19103F-16F7-4668-BE54-9A1E7A4F7556}") = "DNVGL.Veracity.Services.Api.This.Abstractions", "Veracity\Services\DNVGL.Veracity.Services.Api.This.Abstractions\DNVGL.Veracity.Services.Api.This.Abstractions.csproj", "{25DD698E-B379-4971-A75F-C579F3015A41}"
EndProject
Project("{9A19103F-16F7-4668-BE54-9A1E7A4F7556}") = "DNVGL.Veracity.Services.Api", "Veracity\Services\DNVGL.Veracity.Services.Api\DNVGL.Veracity.Services.Api.csproj", "{3CA1F91F-4071-4EBB-85C3-31DCC634DCB1}"
EndProject
Project("{9A19103F-16F7-4668-BE54-9A1E7A4F7556}") = "DNV.Domain.Tests", "DDD\DNV.Domain.Tests\DNV.Domain.Tests.csproj", "{767F9AB2-6548-43BE-AA6C-ACD41EC2AD20}"
EndProject
Project("{9A19103F-16F7-4668-BE54-9A1E7A4F7556}") = "DNVGL.OAuth.Api.HttpClient", "OAuth\DNVGL.OAuth.Api.HttpClient\DNVGL.OAuth.Api.HttpClient.csproj", "{84F2FE0D-53CC-4E4F-971E-027C6BE9389C}"
EndProject
Project("{9A19103F-16F7-4668-BE54-9A1E7A4F7556}") = "DNVGL.OAuth.Api.HttpClient.Tests", "OAuth\DNVGL.OAuth.Api.HttpClient.Test\DNVGL.OAuth.Api.HttpClient.Tests.csproj", "{A5FA3A7A-EFDE-43E5-A6FF-6A19A2BE4CA2}"
EndProject
Project("{9A19103F-16F7-4668-BE54-9A1E7A4F7556}") = "DNV.OAuth.Core", "OAuth\DNV.OAuth.Core\DNV.OAuth.Core.csproj", "{93EAD5E0-358F-4718-8EC5-34E29612A760}"
EndProject
Project("{9A19103F-16F7-4668-BE54-9A1E7A4F7556}") = "DNV.OAuth.Abstractions", "OAuth\DNV.OAuth.Abstractions\DNV.OAuth.Abstractions.csproj", "{FD9B8A83-364D-46BB-B04B-80EE848043F2}"
EndProject
Project("{2150E333-8FDC-42A3-9474-1A3956D46DE8}") = "Context", "Context", "{E000F5D6-2922-4385-99B1-205F1C492F7C}"
EndProject
Project("{9A19103F-16F7-4668-BE54-9A1E7A4F7556}") = "DNV.Context.Abstractions", "Context\DNV.Context.Abstractions\DNV.Context.Abstractions.csproj", "{A54E70D8-F0C0-4863-9150-581868190D40}"
EndProject
Project("{9A19103F-16F7-4668-BE54-9A1E7A4F7556}") = "DNV.Context.AspNet", "Context\DNV.Context.AspNet\DNV.Context.AspNet.csproj", "{A7A9DC16-E8DE-4141-A64C-8C3600CBD67D}"
EndProject
Project("{9A19103F-16F7-4668-BE54-9A1E7A4F7556}") = "DNV.Context.HttpClient", "Context\DNV.Context.HttpClient\DNV.Context.HttpClient.csproj", "{27B33462-2D11-4D71-862F-9F229025D6CB}"
EndProject
Project("{9A19103F-16F7-4668-BE54-9A1E7A4F7556}") = "DNVGL.Web.Security", "Web.Security\DNVGL.Web.Security\DNVGL.Web.Security.csproj", "{77DC0C66-1E0D-4055-8122-F4A0A26D8546}"
EndProject
Project("{9A19103F-16F7-4668-BE54-9A1E7A4F7556}") = "DNVGL.Web.Security.Tests", "Web.Security\DNVGL.Web.Security.Tests\DNVGL.Web.Security.Tests.csproj", "{AE746792-098C-4C0F-9A09-28870EFD7232}"
EndProject
Project("{FAE04EC0-301F-11D3-BF4B-00C04F79EFBC}") = "DNV.Veracity.Services.Api.This.Test", "DNV.Veracity.Services.Api.This.Test\DNV.Veracity.Services.Api.This.Test.csproj", "{9C0817F9-9049-4218-9923-CE2A450FA08B}"
EndProject
Global
	GlobalSection(SolutionConfigurationPlatforms) = preSolution
		Debug|Any CPU = Debug|Any CPU
		Release|Any CPU = Release|Any CPU
	EndGlobalSection
	GlobalSection(ProjectConfigurationPlatforms) = postSolution
		{ABAAB75F-C40D-4517-B909-A4D84BB56B8B}.Debug|Any CPU.ActiveCfg = Debug|Any CPU
		{ABAAB75F-C40D-4517-B909-A4D84BB56B8B}.Debug|Any CPU.Build.0 = Debug|Any CPU
		{ABAAB75F-C40D-4517-B909-A4D84BB56B8B}.Release|Any CPU.ActiveCfg = Release|Any CPU
		{ABAAB75F-C40D-4517-B909-A4D84BB56B8B}.Release|Any CPU.Build.0 = Release|Any CPU
		{6E4F4EB6-5270-41D3-89FE-85F5B6995B48}.Debug|Any CPU.ActiveCfg = Debug|Any CPU
		{6E4F4EB6-5270-41D3-89FE-85F5B6995B48}.Debug|Any CPU.Build.0 = Debug|Any CPU
		{6E4F4EB6-5270-41D3-89FE-85F5B6995B48}.Release|Any CPU.ActiveCfg = Release|Any CPU
		{6E4F4EB6-5270-41D3-89FE-85F5B6995B48}.Release|Any CPU.Build.0 = Release|Any CPU
		{DB5F8CF6-F721-4CB0-86E3-6997F45FA24A}.Debug|Any CPU.ActiveCfg = Debug|Any CPU
		{DB5F8CF6-F721-4CB0-86E3-6997F45FA24A}.Debug|Any CPU.Build.0 = Debug|Any CPU
		{DB5F8CF6-F721-4CB0-86E3-6997F45FA24A}.Release|Any CPU.ActiveCfg = Release|Any CPU
		{DB5F8CF6-F721-4CB0-86E3-6997F45FA24A}.Release|Any CPU.Build.0 = Release|Any CPU
		{6BD407FB-9DAA-4C71-AF67-3511982DFF0B}.Debug|Any CPU.ActiveCfg = Debug|Any CPU
		{6BD407FB-9DAA-4C71-AF67-3511982DFF0B}.Debug|Any CPU.Build.0 = Debug|Any CPU
		{6BD407FB-9DAA-4C71-AF67-3511982DFF0B}.Release|Any CPU.ActiveCfg = Release|Any CPU
		{6BD407FB-9DAA-4C71-AF67-3511982DFF0B}.Release|Any CPU.Build.0 = Release|Any CPU
		{E1083941-EBD5-43FF-ADD7-FDA087FF9900}.Debug|Any CPU.ActiveCfg = Debug|Any CPU
		{E1083941-EBD5-43FF-ADD7-FDA087FF9900}.Debug|Any CPU.Build.0 = Debug|Any CPU
		{E1083941-EBD5-43FF-ADD7-FDA087FF9900}.Release|Any CPU.ActiveCfg = Release|Any CPU
		{E1083941-EBD5-43FF-ADD7-FDA087FF9900}.Release|Any CPU.Build.0 = Release|Any CPU
		{06A08091-8196-4629-A907-08C251BFD6A3}.Debug|Any CPU.ActiveCfg = Debug|Any CPU
		{06A08091-8196-4629-A907-08C251BFD6A3}.Debug|Any CPU.Build.0 = Debug|Any CPU
		{06A08091-8196-4629-A907-08C251BFD6A3}.Release|Any CPU.ActiveCfg = Release|Any CPU
		{06A08091-8196-4629-A907-08C251BFD6A3}.Release|Any CPU.Build.0 = Release|Any CPU
		{F825E66E-D7A8-41C3-95B8-CC1CC11186C8}.Debug|Any CPU.ActiveCfg = Debug|Any CPU
		{F825E66E-D7A8-41C3-95B8-CC1CC11186C8}.Debug|Any CPU.Build.0 = Debug|Any CPU
		{F825E66E-D7A8-41C3-95B8-CC1CC11186C8}.Release|Any CPU.ActiveCfg = Release|Any CPU
		{F825E66E-D7A8-41C3-95B8-CC1CC11186C8}.Release|Any CPU.Build.0 = Release|Any CPU
		{BFF10B2A-1525-49F1-A76C-E222CBAB046E}.Debug|Any CPU.ActiveCfg = Debug|Any CPU
		{BFF10B2A-1525-49F1-A76C-E222CBAB046E}.Debug|Any CPU.Build.0 = Debug|Any CPU
		{BFF10B2A-1525-49F1-A76C-E222CBAB046E}.Release|Any CPU.ActiveCfg = Release|Any CPU
		{BFF10B2A-1525-49F1-A76C-E222CBAB046E}.Release|Any CPU.Build.0 = Release|Any CPU
		{B0DFAC17-6613-43A5-997E-4FB2062E614D}.Debug|Any CPU.ActiveCfg = Debug|Any CPU
		{B0DFAC17-6613-43A5-997E-4FB2062E614D}.Debug|Any CPU.Build.0 = Debug|Any CPU
		{B0DFAC17-6613-43A5-997E-4FB2062E614D}.Release|Any CPU.ActiveCfg = Release|Any CPU
		{B0DFAC17-6613-43A5-997E-4FB2062E614D}.Release|Any CPU.Build.0 = Release|Any CPU
		{665C8402-18E3-4225-8B88-A80D31270FDD}.Debug|Any CPU.ActiveCfg = Debug|Any CPU
		{665C8402-18E3-4225-8B88-A80D31270FDD}.Debug|Any CPU.Build.0 = Debug|Any CPU
		{665C8402-18E3-4225-8B88-A80D31270FDD}.Release|Any CPU.ActiveCfg = Release|Any CPU
		{665C8402-18E3-4225-8B88-A80D31270FDD}.Release|Any CPU.Build.0 = Release|Any CPU
		{85870439-D763-4898-84D0-5D853878CC21}.Debug|Any CPU.ActiveCfg = Debug|Any CPU
		{85870439-D763-4898-84D0-5D853878CC21}.Debug|Any CPU.Build.0 = Debug|Any CPU
		{85870439-D763-4898-84D0-5D853878CC21}.Release|Any CPU.ActiveCfg = Release|Any CPU
		{85870439-D763-4898-84D0-5D853878CC21}.Release|Any CPU.Build.0 = Release|Any CPU
		{58A6BC2B-F783-4383-9663-4B464D8CC739}.Debug|Any CPU.ActiveCfg = Debug|Any CPU
		{58A6BC2B-F783-4383-9663-4B464D8CC739}.Debug|Any CPU.Build.0 = Debug|Any CPU
		{58A6BC2B-F783-4383-9663-4B464D8CC739}.Release|Any CPU.ActiveCfg = Release|Any CPU
		{58A6BC2B-F783-4383-9663-4B464D8CC739}.Release|Any CPU.Build.0 = Release|Any CPU
		{856D2A26-FA3E-4968-A659-29ED531C78F2}.Debug|Any CPU.ActiveCfg = Debug|Any CPU
		{856D2A26-FA3E-4968-A659-29ED531C78F2}.Debug|Any CPU.Build.0 = Debug|Any CPU
		{856D2A26-FA3E-4968-A659-29ED531C78F2}.Release|Any CPU.ActiveCfg = Release|Any CPU
		{856D2A26-FA3E-4968-A659-29ED531C78F2}.Release|Any CPU.Build.0 = Release|Any CPU
		{791D57D2-CDED-49CD-97D6-3201C67CFD4D}.Debug|Any CPU.ActiveCfg = Debug|Any CPU
		{791D57D2-CDED-49CD-97D6-3201C67CFD4D}.Debug|Any CPU.Build.0 = Debug|Any CPU
		{791D57D2-CDED-49CD-97D6-3201C67CFD4D}.Release|Any CPU.ActiveCfg = Release|Any CPU
		{791D57D2-CDED-49CD-97D6-3201C67CFD4D}.Release|Any CPU.Build.0 = Release|Any CPU
		{F19042BA-F441-46E2-AF10-2DC8DACBF982}.Debug|Any CPU.ActiveCfg = Debug|Any CPU
		{F19042BA-F441-46E2-AF10-2DC8DACBF982}.Debug|Any CPU.Build.0 = Debug|Any CPU
		{F19042BA-F441-46E2-AF10-2DC8DACBF982}.Release|Any CPU.ActiveCfg = Release|Any CPU
		{F19042BA-F441-46E2-AF10-2DC8DACBF982}.Release|Any CPU.Build.0 = Release|Any CPU
		{5FB3B17C-E03D-49A2-87DA-321F59F85FFF}.Debug|Any CPU.ActiveCfg = Debug|Any CPU
		{5FB3B17C-E03D-49A2-87DA-321F59F85FFF}.Debug|Any CPU.Build.0 = Debug|Any CPU
		{5FB3B17C-E03D-49A2-87DA-321F59F85FFF}.Release|Any CPU.ActiveCfg = Release|Any CPU
		{5FB3B17C-E03D-49A2-87DA-321F59F85FFF}.Release|Any CPU.Build.0 = Release|Any CPU
		{06CB0624-5E76-4995-ACAD-EB443DEE9B3C}.Debug|Any CPU.ActiveCfg = Debug|Any CPU
		{06CB0624-5E76-4995-ACAD-EB443DEE9B3C}.Debug|Any CPU.Build.0 = Debug|Any CPU
		{06CB0624-5E76-4995-ACAD-EB443DEE9B3C}.Release|Any CPU.ActiveCfg = Release|Any CPU
		{06CB0624-5E76-4995-ACAD-EB443DEE9B3C}.Release|Any CPU.Build.0 = Release|Any CPU
		{180FD948-8326-4269-B5B6-C4CACFA06DA5}.Debug|Any CPU.ActiveCfg = Debug|Any CPU
		{180FD948-8326-4269-B5B6-C4CACFA06DA5}.Debug|Any CPU.Build.0 = Debug|Any CPU
		{180FD948-8326-4269-B5B6-C4CACFA06DA5}.Release|Any CPU.ActiveCfg = Release|Any CPU
		{180FD948-8326-4269-B5B6-C4CACFA06DA5}.Release|Any CPU.Build.0 = Release|Any CPU
		{C450565D-E6F3-46CD-B594-32E8E1FAB68B}.Debug|Any CPU.ActiveCfg = Debug|Any CPU
		{C450565D-E6F3-46CD-B594-32E8E1FAB68B}.Debug|Any CPU.Build.0 = Debug|Any CPU
		{C450565D-E6F3-46CD-B594-32E8E1FAB68B}.Release|Any CPU.ActiveCfg = Release|Any CPU
		{C450565D-E6F3-46CD-B594-32E8E1FAB68B}.Release|Any CPU.Build.0 = Release|Any CPU
		{D5E4E7FB-22F7-4836-9281-4FB79235C186}.Debug|Any CPU.ActiveCfg = Debug|Any CPU
		{D5E4E7FB-22F7-4836-9281-4FB79235C186}.Debug|Any CPU.Build.0 = Debug|Any CPU
		{D5E4E7FB-22F7-4836-9281-4FB79235C186}.Release|Any CPU.ActiveCfg = Release|Any CPU
		{D5E4E7FB-22F7-4836-9281-4FB79235C186}.Release|Any CPU.Build.0 = Release|Any CPU
		{EFA4F0DA-72BB-4FA2-A55A-555D0800E9EA}.Debug|Any CPU.ActiveCfg = Debug|Any CPU
		{EFA4F0DA-72BB-4FA2-A55A-555D0800E9EA}.Debug|Any CPU.Build.0 = Debug|Any CPU
		{EFA4F0DA-72BB-4FA2-A55A-555D0800E9EA}.Release|Any CPU.ActiveCfg = Release|Any CPU
		{EFA4F0DA-72BB-4FA2-A55A-555D0800E9EA}.Release|Any CPU.Build.0 = Release|Any CPU
		{25DD698E-B379-4971-A75F-C579F3015A41}.Debug|Any CPU.ActiveCfg = Debug|Any CPU
		{25DD698E-B379-4971-A75F-C579F3015A41}.Debug|Any CPU.Build.0 = Debug|Any CPU
		{25DD698E-B379-4971-A75F-C579F3015A41}.Release|Any CPU.ActiveCfg = Release|Any CPU
		{25DD698E-B379-4971-A75F-C579F3015A41}.Release|Any CPU.Build.0 = Release|Any CPU
		{3CA1F91F-4071-4EBB-85C3-31DCC634DCB1}.Debug|Any CPU.ActiveCfg = Debug|Any CPU
		{3CA1F91F-4071-4EBB-85C3-31DCC634DCB1}.Debug|Any CPU.Build.0 = Debug|Any CPU
		{3CA1F91F-4071-4EBB-85C3-31DCC634DCB1}.Release|Any CPU.ActiveCfg = Release|Any CPU
		{3CA1F91F-4071-4EBB-85C3-31DCC634DCB1}.Release|Any CPU.Build.0 = Release|Any CPU
		{767F9AB2-6548-43BE-AA6C-ACD41EC2AD20}.Debug|Any CPU.ActiveCfg = Debug|Any CPU
		{767F9AB2-6548-43BE-AA6C-ACD41EC2AD20}.Debug|Any CPU.Build.0 = Debug|Any CPU
		{767F9AB2-6548-43BE-AA6C-ACD41EC2AD20}.Release|Any CPU.ActiveCfg = Release|Any CPU
		{767F9AB2-6548-43BE-AA6C-ACD41EC2AD20}.Release|Any CPU.Build.0 = Release|Any CPU
		{84F2FE0D-53CC-4E4F-971E-027C6BE9389C}.Debug|Any CPU.ActiveCfg = Debug|Any CPU
		{84F2FE0D-53CC-4E4F-971E-027C6BE9389C}.Debug|Any CPU.Build.0 = Debug|Any CPU
		{84F2FE0D-53CC-4E4F-971E-027C6BE9389C}.Release|Any CPU.ActiveCfg = Release|Any CPU
		{84F2FE0D-53CC-4E4F-971E-027C6BE9389C}.Release|Any CPU.Build.0 = Release|Any CPU
		{A5FA3A7A-EFDE-43E5-A6FF-6A19A2BE4CA2}.Debug|Any CPU.ActiveCfg = Debug|Any CPU
		{A5FA3A7A-EFDE-43E5-A6FF-6A19A2BE4CA2}.Debug|Any CPU.Build.0 = Debug|Any CPU
		{A5FA3A7A-EFDE-43E5-A6FF-6A19A2BE4CA2}.Release|Any CPU.ActiveCfg = Release|Any CPU
		{A5FA3A7A-EFDE-43E5-A6FF-6A19A2BE4CA2}.Release|Any CPU.Build.0 = Release|Any CPU
		{93EAD5E0-358F-4718-8EC5-34E29612A760}.Debug|Any CPU.ActiveCfg = Debug|Any CPU
		{93EAD5E0-358F-4718-8EC5-34E29612A760}.Debug|Any CPU.Build.0 = Debug|Any CPU
		{93EAD5E0-358F-4718-8EC5-34E29612A760}.Release|Any CPU.ActiveCfg = Release|Any CPU
		{93EAD5E0-358F-4718-8EC5-34E29612A760}.Release|Any CPU.Build.0 = Release|Any CPU
		{FD9B8A83-364D-46BB-B04B-80EE848043F2}.Debug|Any CPU.ActiveCfg = Debug|Any CPU
		{FD9B8A83-364D-46BB-B04B-80EE848043F2}.Debug|Any CPU.Build.0 = Debug|Any CPU
		{FD9B8A83-364D-46BB-B04B-80EE848043F2}.Release|Any CPU.ActiveCfg = Release|Any CPU
		{FD9B8A83-364D-46BB-B04B-80EE848043F2}.Release|Any CPU.Build.0 = Release|Any CPU
		{A54E70D8-F0C0-4863-9150-581868190D40}.Debug|Any CPU.ActiveCfg = Debug|Any CPU
		{A54E70D8-F0C0-4863-9150-581868190D40}.Debug|Any CPU.Build.0 = Debug|Any CPU
		{A54E70D8-F0C0-4863-9150-581868190D40}.Release|Any CPU.ActiveCfg = Release|Any CPU
		{A54E70D8-F0C0-4863-9150-581868190D40}.Release|Any CPU.Build.0 = Release|Any CPU
		{A7A9DC16-E8DE-4141-A64C-8C3600CBD67D}.Debug|Any CPU.ActiveCfg = Debug|Any CPU
		{A7A9DC16-E8DE-4141-A64C-8C3600CBD67D}.Debug|Any CPU.Build.0 = Debug|Any CPU
		{A7A9DC16-E8DE-4141-A64C-8C3600CBD67D}.Release|Any CPU.ActiveCfg = Release|Any CPU
		{A7A9DC16-E8DE-4141-A64C-8C3600CBD67D}.Release|Any CPU.Build.0 = Release|Any CPU
		{27B33462-2D11-4D71-862F-9F229025D6CB}.Debug|Any CPU.ActiveCfg = Debug|Any CPU
		{27B33462-2D11-4D71-862F-9F229025D6CB}.Debug|Any CPU.Build.0 = Debug|Any CPU
		{27B33462-2D11-4D71-862F-9F229025D6CB}.Release|Any CPU.ActiveCfg = Release|Any CPU
		{27B33462-2D11-4D71-862F-9F229025D6CB}.Release|Any CPU.Build.0 = Release|Any CPU
		{77DC0C66-1E0D-4055-8122-F4A0A26D8546}.Debug|Any CPU.ActiveCfg = Debug|Any CPU
		{77DC0C66-1E0D-4055-8122-F4A0A26D8546}.Debug|Any CPU.Build.0 = Debug|Any CPU
		{77DC0C66-1E0D-4055-8122-F4A0A26D8546}.Release|Any CPU.ActiveCfg = Release|Any CPU
		{77DC0C66-1E0D-4055-8122-F4A0A26D8546}.Release|Any CPU.Build.0 = Release|Any CPU
		{AE746792-098C-4C0F-9A09-28870EFD7232}.Debug|Any CPU.ActiveCfg = Debug|Any CPU
		{AE746792-098C-4C0F-9A09-28870EFD7232}.Debug|Any CPU.Build.0 = Debug|Any CPU
		{AE746792-098C-4C0F-9A09-28870EFD7232}.Release|Any CPU.ActiveCfg = Release|Any CPU
		{AE746792-098C-4C0F-9A09-28870EFD7232}.Release|Any CPU.Build.0 = Release|Any CPU
		{9C0817F9-9049-4218-9923-CE2A450FA08B}.Debug|Any CPU.ActiveCfg = Debug|Any CPU
		{9C0817F9-9049-4218-9923-CE2A450FA08B}.Debug|Any CPU.Build.0 = Debug|Any CPU
		{9C0817F9-9049-4218-9923-CE2A450FA08B}.Release|Any CPU.ActiveCfg = Release|Any CPU
		{9C0817F9-9049-4218-9923-CE2A450FA08B}.Release|Any CPU.Build.0 = Release|Any CPU
	EndGlobalSection
	GlobalSection(SolutionProperties) = preSolution
		HideSolutionNode = FALSE
	EndGlobalSection
	GlobalSection(NestedProjects) = preSolution
		{7E7B2247-DB4F-46CA-81F3-6D5A995622C6} = {CE000EEA-07FE-4095-8AA0-6369B09B3E3F}
		{FB9BE59A-BF23-4BBA-81F4-887B29EF78E9} = {7E7B2247-DB4F-46CA-81F3-6D5A995622C6}
		{ABAAB75F-C40D-4517-B909-A4D84BB56B8B} = {2E985B44-D129-41BC-8CA8-7AC4975CFE61}
		{6E4F4EB6-5270-41D3-89FE-85F5B6995B48} = {2E985B44-D129-41BC-8CA8-7AC4975CFE61}
		{DB5F8CF6-F721-4CB0-86E3-6997F45FA24A} = {2E985B44-D129-41BC-8CA8-7AC4975CFE61}
		{6BD407FB-9DAA-4C71-AF67-3511982DFF0B} = {2E985B44-D129-41BC-8CA8-7AC4975CFE61}
		{E1083941-EBD5-43FF-ADD7-FDA087FF9900} = {2E985B44-D129-41BC-8CA8-7AC4975CFE61}
		{06A08091-8196-4629-A907-08C251BFD6A3} = {2E985B44-D129-41BC-8CA8-7AC4975CFE61}
		{F825E66E-D7A8-41C3-95B8-CC1CC11186C8} = {561EA555-4BD3-4100-B8CD-8A5C315F718C}
		{BFF10B2A-1525-49F1-A76C-E222CBAB046E} = {561EA555-4BD3-4100-B8CD-8A5C315F718C}
		{B0DFAC17-6613-43A5-997E-4FB2062E614D} = {896376C3-33A0-4A46-B33E-ACE7229F5452}
		{665C8402-18E3-4225-8B88-A80D31270FDD} = {896376C3-33A0-4A46-B33E-ACE7229F5452}
		{85870439-D763-4898-84D0-5D853878CC21} = {896376C3-33A0-4A46-B33E-ACE7229F5452}
		{58A6BC2B-F783-4383-9663-4B464D8CC739} = {896376C3-33A0-4A46-B33E-ACE7229F5452}
		{856D2A26-FA3E-4968-A659-29ED531C78F2} = {6421F528-1439-44E6-B936-8067DF5F8E43}
		{791D57D2-CDED-49CD-97D6-3201C67CFD4D} = {92B1E5CF-9DA5-4934-B008-896CC27D6CBD}
		{F19042BA-F441-46E2-AF10-2DC8DACBF982} = {92B1E5CF-9DA5-4934-B008-896CC27D6CBD}
		{5FB3B17C-E03D-49A2-87DA-321F59F85FFF} = {92B1E5CF-9DA5-4934-B008-896CC27D6CBD}
		{06CB0624-5E76-4995-ACAD-EB443DEE9B3C} = {FB9BE59A-BF23-4BBA-81F4-887B29EF78E9}
		{180FD948-8326-4269-B5B6-C4CACFA06DA5} = {FB9BE59A-BF23-4BBA-81F4-887B29EF78E9}
		{C450565D-E6F3-46CD-B594-32E8E1FAB68B} = {FB9BE59A-BF23-4BBA-81F4-887B29EF78E9}
		{D5E4E7FB-22F7-4836-9281-4FB79235C186} = {7E7B2247-DB4F-46CA-81F3-6D5A995622C6}
		{EFA4F0DA-72BB-4FA2-A55A-555D0800E9EA} = {7E7B2247-DB4F-46CA-81F3-6D5A995622C6}
		{25DD698E-B379-4971-A75F-C579F3015A41} = {7E7B2247-DB4F-46CA-81F3-6D5A995622C6}
		{3CA1F91F-4071-4EBB-85C3-31DCC634DCB1} = {7E7B2247-DB4F-46CA-81F3-6D5A995622C6}
		{767F9AB2-6548-43BE-AA6C-ACD41EC2AD20} = {896376C3-33A0-4A46-B33E-ACE7229F5452}
		{84F2FE0D-53CC-4E4F-971E-027C6BE9389C} = {275F235F-1574-4E5C-9A2E-066D505B4C9B}
		{A5FA3A7A-EFDE-43E5-A6FF-6A19A2BE4CA2} = {275F235F-1574-4E5C-9A2E-066D505B4C9B}
		{93EAD5E0-358F-4718-8EC5-34E29612A760} = {275F235F-1574-4E5C-9A2E-066D505B4C9B}
		{FD9B8A83-364D-46BB-B04B-80EE848043F2} = {275F235F-1574-4E5C-9A2E-066D505B4C9B}
		{A54E70D8-F0C0-4863-9150-581868190D40} = {E000F5D6-2922-4385-99B1-205F1C492F7C}
		{A7A9DC16-E8DE-4141-A64C-8C3600CBD67D} = {E000F5D6-2922-4385-99B1-205F1C492F7C}
		{27B33462-2D11-4D71-862F-9F229025D6CB} = {E000F5D6-2922-4385-99B1-205F1C492F7C}
		{77DC0C66-1E0D-4055-8122-F4A0A26D8546} = {216D65B7-5E26-41CA-B28F-3F6CE5295673}
		{AE746792-098C-4C0F-9A09-28870EFD7232} = {216D65B7-5E26-41CA-B28F-3F6CE5295673}
		{9C0817F9-9049-4218-9923-CE2A450FA08B} = {FB9BE59A-BF23-4BBA-81F4-887B29EF78E9}
	EndGlobalSection
	GlobalSection(ExtensibilityGlobals) = postSolution
		SolutionGuid = {15ADBA9F-D243-4825-8C28-EBB708F2364A}
	EndGlobalSection
EndGlobal
