
Microsoft Visual Studio Solution File, Format Version 12.00
# Visual Studio Version 16
VisualStudioVersion = 16.0.29806.167
MinimumVisualStudioVersion = 10.0.40219.1
Project("{9A19103F-16F7-4668-BE54-9A1E7A4F7556}") = "DNVGL.Domain.Seedwork", "DNVGL.Domain.Seedwork\DNVGL.Domain.Seedwork.csproj", "{09E89967-A1FD-471B-9625-CEDC1C5E1E4A}"
EndProject
Project("{9A19103F-16F7-4668-BE54-9A1E7A4F7556}") = "DNVGL.Common.Core", "DNVGL.Common.Core\DNVGL.Common.Core.csproj", "{2B2A5F0C-3595-49DA-9B64-2AADFAA6488A}"
EndProject
Project("{9A19103F-16F7-4668-BE54-9A1E7A4F7556}") = "DNVGL.Domain.EventHub.MediatR", "DNVGL.Domain.EventHub.MediatR\DNVGL.Domain.EventHub.MediatR.csproj", "{0D58C9F7-F270-4D11-8246-CA97434599FE}"
EndProject
Project("{2150E333-8FDC-42A3-9474-1A3956D46DE8}") = "Solution Items", "Solution Items", "{4F4B4483-75CD-4BD9-9ADA-65F08C30959C}"
EndProject
Project("{9A19103F-16F7-4668-BE54-9A1E7A4F7556}") = "DNVGL.OAuth.Web.Swagger", "DNVGL.OAuth.Web.Swagger\DNVGL.OAuth.Web.Swagger.csproj", "{3E02B061-C955-44B1-80B7-EBD40228E536}"
EndProject
Project("{9A19103F-16F7-4668-BE54-9A1E7A4F7556}") = "DNVGL.OAuth.Web", "DNVGL.OAuth.Web\DNVGL.OAuth.Web.csproj", "{CC619C31-2B91-4098-A5C2-C7553B0A8B79}"
EndProject
Project("{9A19103F-16F7-4668-BE54-9A1E7A4F7556}") = "DNVGL.AuthTest.Web", "DNVGL.AuthTest.Web\DNVGL.AuthTest.Web.csproj", "{90CF4D1E-6E56-4CE6-8C7C-DD0C5F82AE01}"
EndProject
Project("{9A19103F-16F7-4668-BE54-9A1E7A4F7556}") = "DNVGL.OAuth.Api.HttpClient", "DNVGL.OAuth.UserCredentials\DNVGL.OAuth.Api.HttpClient.csproj", "{406FE48B-EC3E-4676-A025-86822FCF680B}"
EndProject
Project("{9A19103F-16F7-4668-BE54-9A1E7A4F7556}") = "DNVGL.OAuth.Web.Abstractions", "DNVGL.OAuth.Web.Abstractions\DNVGL.OAuth.Web.Abstractions.csproj", "{C16A9D40-DFB4-4CBB-9CD2-DCF5788F3859}"
EndProject
Project("{9A19103F-16F7-4668-BE54-9A1E7A4F7556}") = "DNVGL.Web.Security", "DNVGL.Web.Security\DNVGL.Web.Security.csproj", "{F541C5D2-3A48-440D-B1CA-4EA9F78ED4EB}"
EndProject
Project("{9A19103F-16F7-4668-BE54-9A1E7A4F7556}") = "DNVGL.OAuth.Demo", "DNVGL.OAuth.Demo\DNVGL.OAuth.Demo.csproj", "{9D81C5FC-3B16-40BA-81DE-7D23B8331B8F}"
EndProject
Project("{2150E333-8FDC-42A3-9474-1A3956D46DE8}") = "Demo", "Demo", "{322BB9CA-ADD7-4BF4-ADB0-52195325BE9C}"
EndProject
Project("{9A19103F-16F7-4668-BE54-9A1E7A4F7556}") = "DNVGL.Web.Security.Tests", "DNVGL.Web.Security.Tests\DNVGL.Web.Security.Tests.csproj", "{CA220DA8-71AC-4BA1-809B-6C073F7FF468}"
EndProject
Project("{2150E333-8FDC-42A3-9474-1A3956D46DE8}") = "Veracity", "Veracity", "{CE000EEA-07FE-4095-8AA0-6369B09B3E3F}"
EndProject
Project("{9A19103F-16F7-4668-BE54-9A1E7A4F7556}") = "DNVGL.Veracity.Services.Api.Directory", "DNVGL.Veracity.Services.Api.Directory\DNVGL.Veracity.Services.Api.Directory.csproj", "{4C125FE8-84F2-4870-BC8A-F5EAD377AEFA}"
EndProject
Project("{9A19103F-16F7-4668-BE54-9A1E7A4F7556}") = "DNVGL.Veracity.Services.Api.Directory.ApiV3", "DNVGL.Veracity.Services.Api.Directory.ApiV3\DNVGL.Veracity.Services.Api.Directory.ApiV3.csproj", "{4391B0DB-637A-43D2-A7F5-F8507CEA0DFD}"
EndProject
Project("{2150E333-8FDC-42A3-9474-1A3956D46DE8}") = "Services", "Services", "{7E7B2247-DB4F-46CA-81F3-6D5A995622C6}"
EndProject
Project("{9A19103F-16F7-4668-BE54-9A1E7A4F7556}") = "DNVGL.Veracity.Services.Api.My", "DNVGL.Veracity.Services.Api.My\DNVGL.Veracity.Services.Api.My.csproj", "{DB7F04FF-6F54-44DA-84AD-AA515186D936}"
EndProject
Project("{9A19103F-16F7-4668-BE54-9A1E7A4F7556}") = "DNVGL.Veracity.Services.Api.My.ApiV3", "DNVGL.Veracity.Services.Api.My.ApiV3\DNVGL.Veracity.Services.Api.My.ApiV3.csproj", "{A98AD3EE-A9BA-479B-B7F7-741A352FE25D}"
EndProject
Project("{9A19103F-16F7-4668-BE54-9A1E7A4F7556}") = "DNVGL.Veracity.Services.Api", "DNVGL.Veracity.Services.Api\DNVGL.Veracity.Services.Api.csproj", "{7E4951E5-5949-476F-99E4-4D8D63A758A7}"
EndProject
Project("{9A19103F-16F7-4668-BE54-9A1E7A4F7556}") = "DNVGL.Veracity.Services.Api.ApiV3", "DNVGL.Veracity.Services.Api.ApiV3\DNVGL.Veracity.Services.Api.ApiV3.csproj", "{51EB910C-ACEF-497C-95B5-136E36D2C429}"
EndProject
Project("{2150E333-8FDC-42A3-9474-1A3956D46DE8}") = "ApiV3", "ApiV3", "{FB9BE59A-BF23-4BBA-81F4-887B29EF78E9}"
EndProject
Project("{9A19103F-16F7-4668-BE54-9A1E7A4F7556}") = "DNVGL.Veracity.Services.Api.This", "DNVGL.Veracity.Services.Api.This\DNVGL.Veracity.Services.Api.This.csproj", "{D0220F7E-C33E-467F-8D9F-24150B43CA9A}"
EndProject
Project("{9A19103F-16F7-4668-BE54-9A1E7A4F7556}") = "DNVGL.Veracity.Services.Api.This.ApiV3", "DNVGL.Veracity.Services.Api.This.ApiV3\DNVGL.Veracity.Services.Api.This.ApiV3.csproj", "{16E29896-7794-4C50-9238-C8C1A4E3A30B}"
EndProject
Global
	GlobalSection(SolutionConfigurationPlatforms) = preSolution
		Debug|Any CPU = Debug|Any CPU
		Release|Any CPU = Release|Any CPU
	EndGlobalSection
	GlobalSection(ProjectConfigurationPlatforms) = postSolution
		{09E89967-A1FD-471B-9625-CEDC1C5E1E4A}.Debug|Any CPU.ActiveCfg = Debug|Any CPU
		{09E89967-A1FD-471B-9625-CEDC1C5E1E4A}.Debug|Any CPU.Build.0 = Debug|Any CPU
		{09E89967-A1FD-471B-9625-CEDC1C5E1E4A}.Release|Any CPU.ActiveCfg = Release|Any CPU
		{09E89967-A1FD-471B-9625-CEDC1C5E1E4A}.Release|Any CPU.Build.0 = Release|Any CPU
		{2B2A5F0C-3595-49DA-9B64-2AADFAA6488A}.Debug|Any CPU.ActiveCfg = Debug|Any CPU
		{2B2A5F0C-3595-49DA-9B64-2AADFAA6488A}.Debug|Any CPU.Build.0 = Debug|Any CPU
		{2B2A5F0C-3595-49DA-9B64-2AADFAA6488A}.Release|Any CPU.ActiveCfg = Release|Any CPU
		{2B2A5F0C-3595-49DA-9B64-2AADFAA6488A}.Release|Any CPU.Build.0 = Release|Any CPU
		{0D58C9F7-F270-4D11-8246-CA97434599FE}.Debug|Any CPU.ActiveCfg = Debug|Any CPU
		{0D58C9F7-F270-4D11-8246-CA97434599FE}.Debug|Any CPU.Build.0 = Debug|Any CPU
		{0D58C9F7-F270-4D11-8246-CA97434599FE}.Release|Any CPU.ActiveCfg = Release|Any CPU
		{0D58C9F7-F270-4D11-8246-CA97434599FE}.Release|Any CPU.Build.0 = Release|Any CPU
		{3E02B061-C955-44B1-80B7-EBD40228E536}.Debug|Any CPU.ActiveCfg = Debug|Any CPU
		{3E02B061-C955-44B1-80B7-EBD40228E536}.Debug|Any CPU.Build.0 = Debug|Any CPU
		{3E02B061-C955-44B1-80B7-EBD40228E536}.Release|Any CPU.ActiveCfg = Release|Any CPU
		{3E02B061-C955-44B1-80B7-EBD40228E536}.Release|Any CPU.Build.0 = Release|Any CPU
		{CC619C31-2B91-4098-A5C2-C7553B0A8B79}.Debug|Any CPU.ActiveCfg = Debug|Any CPU
		{CC619C31-2B91-4098-A5C2-C7553B0A8B79}.Debug|Any CPU.Build.0 = Debug|Any CPU
		{CC619C31-2B91-4098-A5C2-C7553B0A8B79}.Release|Any CPU.ActiveCfg = Release|Any CPU
		{CC619C31-2B91-4098-A5C2-C7553B0A8B79}.Release|Any CPU.Build.0 = Release|Any CPU
		{90CF4D1E-6E56-4CE6-8C7C-DD0C5F82AE01}.Debug|Any CPU.ActiveCfg = Debug|Any CPU
		{90CF4D1E-6E56-4CE6-8C7C-DD0C5F82AE01}.Debug|Any CPU.Build.0 = Debug|Any CPU
		{90CF4D1E-6E56-4CE6-8C7C-DD0C5F82AE01}.Release|Any CPU.ActiveCfg = Release|Any CPU
		{90CF4D1E-6E56-4CE6-8C7C-DD0C5F82AE01}.Release|Any CPU.Build.0 = Release|Any CPU
		{406FE48B-EC3E-4676-A025-86822FCF680B}.Debug|Any CPU.ActiveCfg = Debug|Any CPU
		{406FE48B-EC3E-4676-A025-86822FCF680B}.Debug|Any CPU.Build.0 = Debug|Any CPU
		{406FE48B-EC3E-4676-A025-86822FCF680B}.Release|Any CPU.ActiveCfg = Release|Any CPU
		{406FE48B-EC3E-4676-A025-86822FCF680B}.Release|Any CPU.Build.0 = Release|Any CPU
		{C16A9D40-DFB4-4CBB-9CD2-DCF5788F3859}.Debug|Any CPU.ActiveCfg = Debug|Any CPU
		{C16A9D40-DFB4-4CBB-9CD2-DCF5788F3859}.Debug|Any CPU.Build.0 = Debug|Any CPU
		{C16A9D40-DFB4-4CBB-9CD2-DCF5788F3859}.Release|Any CPU.ActiveCfg = Release|Any CPU
		{C16A9D40-DFB4-4CBB-9CD2-DCF5788F3859}.Release|Any CPU.Build.0 = Release|Any CPU
		{F541C5D2-3A48-440D-B1CA-4EA9F78ED4EB}.Debug|Any CPU.ActiveCfg = Debug|Any CPU
		{F541C5D2-3A48-440D-B1CA-4EA9F78ED4EB}.Debug|Any CPU.Build.0 = Debug|Any CPU
		{F541C5D2-3A48-440D-B1CA-4EA9F78ED4EB}.Release|Any CPU.ActiveCfg = Release|Any CPU
		{F541C5D2-3A48-440D-B1CA-4EA9F78ED4EB}.Release|Any CPU.Build.0 = Release|Any CPU
		{9D81C5FC-3B16-40BA-81DE-7D23B8331B8F}.Debug|Any CPU.ActiveCfg = Debug|Any CPU
		{9D81C5FC-3B16-40BA-81DE-7D23B8331B8F}.Debug|Any CPU.Build.0 = Debug|Any CPU
		{9D81C5FC-3B16-40BA-81DE-7D23B8331B8F}.Release|Any CPU.ActiveCfg = Release|Any CPU
		{9D81C5FC-3B16-40BA-81DE-7D23B8331B8F}.Release|Any CPU.Build.0 = Release|Any CPU
		{CA220DA8-71AC-4BA1-809B-6C073F7FF468}.Debug|Any CPU.ActiveCfg = Debug|Any CPU
		{CA220DA8-71AC-4BA1-809B-6C073F7FF468}.Debug|Any CPU.Build.0 = Debug|Any CPU
		{CA220DA8-71AC-4BA1-809B-6C073F7FF468}.Release|Any CPU.ActiveCfg = Release|Any CPU
		{CA220DA8-71AC-4BA1-809B-6C073F7FF468}.Release|Any CPU.Build.0 = Release|Any CPU
		{4C125FE8-84F2-4870-BC8A-F5EAD377AEFA}.Debug|Any CPU.ActiveCfg = Debug|Any CPU
		{4C125FE8-84F2-4870-BC8A-F5EAD377AEFA}.Debug|Any CPU.Build.0 = Debug|Any CPU
		{4C125FE8-84F2-4870-BC8A-F5EAD377AEFA}.Release|Any CPU.ActiveCfg = Release|Any CPU
		{4C125FE8-84F2-4870-BC8A-F5EAD377AEFA}.Release|Any CPU.Build.0 = Release|Any CPU
		{4391B0DB-637A-43D2-A7F5-F8507CEA0DFD}.Debug|Any CPU.ActiveCfg = Debug|Any CPU
		{4391B0DB-637A-43D2-A7F5-F8507CEA0DFD}.Debug|Any CPU.Build.0 = Debug|Any CPU
		{4391B0DB-637A-43D2-A7F5-F8507CEA0DFD}.Release|Any CPU.ActiveCfg = Release|Any CPU
		{4391B0DB-637A-43D2-A7F5-F8507CEA0DFD}.Release|Any CPU.Build.0 = Release|Any CPU
		{DB7F04FF-6F54-44DA-84AD-AA515186D936}.Debug|Any CPU.ActiveCfg = Debug|Any CPU
		{DB7F04FF-6F54-44DA-84AD-AA515186D936}.Debug|Any CPU.Build.0 = Debug|Any CPU
		{DB7F04FF-6F54-44DA-84AD-AA515186D936}.Release|Any CPU.ActiveCfg = Release|Any CPU
		{DB7F04FF-6F54-44DA-84AD-AA515186D936}.Release|Any CPU.Build.0 = Release|Any CPU
		{A98AD3EE-A9BA-479B-B7F7-741A352FE25D}.Debug|Any CPU.ActiveCfg = Debug|Any CPU
		{A98AD3EE-A9BA-479B-B7F7-741A352FE25D}.Debug|Any CPU.Build.0 = Debug|Any CPU
		{A98AD3EE-A9BA-479B-B7F7-741A352FE25D}.Release|Any CPU.ActiveCfg = Release|Any CPU
		{A98AD3EE-A9BA-479B-B7F7-741A352FE25D}.Release|Any CPU.Build.0 = Release|Any CPU
		{7E4951E5-5949-476F-99E4-4D8D63A758A7}.Debug|Any CPU.ActiveCfg = Debug|Any CPU
		{7E4951E5-5949-476F-99E4-4D8D63A758A7}.Debug|Any CPU.Build.0 = Debug|Any CPU
		{7E4951E5-5949-476F-99E4-4D8D63A758A7}.Release|Any CPU.ActiveCfg = Release|Any CPU
		{7E4951E5-5949-476F-99E4-4D8D63A758A7}.Release|Any CPU.Build.0 = Release|Any CPU
		{51EB910C-ACEF-497C-95B5-136E36D2C429}.Debug|Any CPU.ActiveCfg = Debug|Any CPU
		{51EB910C-ACEF-497C-95B5-136E36D2C429}.Debug|Any CPU.Build.0 = Debug|Any CPU
		{51EB910C-ACEF-497C-95B5-136E36D2C429}.Release|Any CPU.ActiveCfg = Release|Any CPU
		{51EB910C-ACEF-497C-95B5-136E36D2C429}.Release|Any CPU.Build.0 = Release|Any CPU
		{CA220DA8-71AC-4BA1-809B-6C073F7FF468}.Debug|Any CPU.ActiveCfg = Debug|Any CPU
		{CA220DA8-71AC-4BA1-809B-6C073F7FF468}.Debug|Any CPU.Build.0 = Debug|Any CPU
		{CA220DA8-71AC-4BA1-809B-6C073F7FF468}.Release|Any CPU.ActiveCfg = Release|Any CPU
		{CA220DA8-71AC-4BA1-809B-6C073F7FF468}.Release|Any CPU.Build.0 = Release|Any CPU
		{D0220F7E-C33E-467F-8D9F-24150B43CA9A}.Debug|Any CPU.ActiveCfg = Debug|Any CPU
		{D0220F7E-C33E-467F-8D9F-24150B43CA9A}.Debug|Any CPU.Build.0 = Debug|Any CPU
		{D0220F7E-C33E-467F-8D9F-24150B43CA9A}.Release|Any CPU.ActiveCfg = Release|Any CPU
		{D0220F7E-C33E-467F-8D9F-24150B43CA9A}.Release|Any CPU.Build.0 = Release|Any CPU
		{16E29896-7794-4C50-9238-C8C1A4E3A30B}.Debug|Any CPU.ActiveCfg = Debug|Any CPU
		{16E29896-7794-4C50-9238-C8C1A4E3A30B}.Debug|Any CPU.Build.0 = Debug|Any CPU
		{16E29896-7794-4C50-9238-C8C1A4E3A30B}.Release|Any CPU.ActiveCfg = Release|Any CPU
		{16E29896-7794-4C50-9238-C8C1A4E3A30B}.Release|Any CPU.Build.0 = Release|Any CPU
	EndGlobalSection
	GlobalSection(SolutionProperties) = preSolution
		HideSolutionNode = FALSE
	EndGlobalSection
	GlobalSection(NestedProjects) = preSolution
		{90CF4D1E-6E56-4CE6-8C7C-DD0C5F82AE01} = {322BB9CA-ADD7-4BF4-ADB0-52195325BE9C}
		{9D81C5FC-3B16-40BA-81DE-7D23B8331B8F} = {322BB9CA-ADD7-4BF4-ADB0-52195325BE9C}
		{4C125FE8-84F2-4870-BC8A-F5EAD377AEFA} = {7E7B2247-DB4F-46CA-81F3-6D5A995622C6}
		{4391B0DB-637A-43D2-A7F5-F8507CEA0DFD} = {FB9BE59A-BF23-4BBA-81F4-887B29EF78E9}
		{7E7B2247-DB4F-46CA-81F3-6D5A995622C6} = {CE000EEA-07FE-4095-8AA0-6369B09B3E3F}
		{DB7F04FF-6F54-44DA-84AD-AA515186D936} = {7E7B2247-DB4F-46CA-81F3-6D5A995622C6}
		{A98AD3EE-A9BA-479B-B7F7-741A352FE25D} = {FB9BE59A-BF23-4BBA-81F4-887B29EF78E9}
		{7E4951E5-5949-476F-99E4-4D8D63A758A7} = {7E7B2247-DB4F-46CA-81F3-6D5A995622C6}
		{51EB910C-ACEF-497C-95B5-136E36D2C429} = {FB9BE59A-BF23-4BBA-81F4-887B29EF78E9}
		{FB9BE59A-BF23-4BBA-81F4-887B29EF78E9} = {7E7B2247-DB4F-46CA-81F3-6D5A995622C6}
		{D0220F7E-C33E-467F-8D9F-24150B43CA9A} = {7E7B2247-DB4F-46CA-81F3-6D5A995622C6}
		{16E29896-7794-4C50-9238-C8C1A4E3A30B} = {FB9BE59A-BF23-4BBA-81F4-887B29EF78E9}
	EndGlobalSection
	GlobalSection(ExtensibilityGlobals) = postSolution
		SolutionGuid = {15ADBA9F-D243-4825-8C28-EBB708F2364A}
	EndGlobalSection
EndGlobal
