
Microsoft Visual Studio Solution File, Format Version 12.00
# Visual Studio Version 16
VisualStudioVersion = 16.0.30104.148
MinimumVisualStudioVersion = 10.0.40219.1
Project("{9A19103F-16F7-4668-BE54-9A1E7A4F7556}") = "DNVGL.OAuth.Swagger", "..\DNVGL.OAuth.Swagger\DNVGL.OAuth.Swagger.csproj", "{AC029BB6-2823-4A6E-BF31-8B4B09D96A7F}"
EndProject
Project("{9A19103F-16F7-4668-BE54-9A1E7A4F7556}") = "DNVGL.OAuth.Common", "..\DNVGL.OAuth.Common\DNVGL.OAuth.Common.csproj", "{756676F7-8879-420D-9760-61E880ED2F79}"
EndProject
Project("{9A19103F-16F7-4668-BE54-9A1E7A4F7556}") = "DNVGL.OAuth.Demo", "DNVGL.OAuth.Demo.csproj", "{2EA97AD7-4A88-478C-85A9-AC00B934B237}"
EndProject
Project("{9A19103F-16F7-4668-BE54-9A1E7A4F7556}") = "Microsoft.AspNetCore.Authentication.JwtBearer", "..\..\..\test\Security\src\Microsoft.AspNetCore.Authentication.JwtBearer\Microsoft.AspNetCore.Authentication.JwtBearer.csproj", "{81EB5E09-FB96-415C-A2DD-E2CD2BBFBBF2}"
EndProject
Global
	GlobalSection(SolutionConfigurationPlatforms) = preSolution
		Debug|Any CPU = Debug|Any CPU
		Release|Any CPU = Release|Any CPU
	EndGlobalSection
	GlobalSection(ProjectConfigurationPlatforms) = postSolution
		{AC029BB6-2823-4A6E-BF31-8B4B09D96A7F}.Debug|Any CPU.ActiveCfg = Debug|Any CPU
		{AC029BB6-2823-4A6E-BF31-8B4B09D96A7F}.Debug|Any CPU.Build.0 = Debug|Any CPU
		{AC029BB6-2823-4A6E-BF31-8B4B09D96A7F}.Release|Any CPU.ActiveCfg = Release|Any CPU
		{AC029BB6-2823-4A6E-BF31-8B4B09D96A7F}.Release|Any CPU.Build.0 = Release|Any CPU
		{756676F7-8879-420D-9760-61E880ED2F79}.Debug|Any CPU.ActiveCfg = Debug|Any CPU
		{756676F7-8879-420D-9760-61E880ED2F79}.Debug|Any CPU.Build.0 = Debug|Any CPU
		{756676F7-8879-420D-9760-61E880ED2F79}.Release|Any CPU.ActiveCfg = Release|Any CPU
		{756676F7-8879-420D-9760-61E880ED2F79}.Release|Any CPU.Build.0 = Release|Any CPU
		{2EA97AD7-4A88-478C-85A9-AC00B934B237}.Debug|Any CPU.ActiveCfg = Debug|Any CPU
		{2EA97AD7-4A88-478C-85A9-AC00B934B237}.Debug|Any CPU.Build.0 = Debug|Any CPU
		{2EA97AD7-4A88-478C-85A9-AC00B934B237}.Release|Any CPU.ActiveCfg = Release|Any CPU
		{2EA97AD7-4A88-478C-85A9-AC00B934B237}.Release|Any CPU.Build.0 = Release|Any CPU
		{81EB5E09-FB96-415C-A2DD-E2CD2BBFBBF2}.Debug|Any CPU.ActiveCfg = Debug|Any CPU
		{81EB5E09-FB96-415C-A2DD-E2CD2BBFBBF2}.Debug|Any CPU.Build.0 = Debug|Any CPU
		{81EB5E09-FB96-415C-A2DD-E2CD2BBFBBF2}.Release|Any CPU.ActiveCfg = Release|Any CPU
		{81EB5E09-FB96-415C-A2DD-E2CD2BBFBBF2}.Release|Any CPU.Build.0 = Release|Any CPU
	EndGlobalSection
	GlobalSection(SolutionProperties) = preSolution
		HideSolutionNode = FALSE
	EndGlobalSection
	GlobalSection(ExtensibilityGlobals) = postSolution
		SolutionGuid = {2AADA0C9-A20D-42CD-878E-35CD2C30FB56}
	EndGlobalSection
EndGlobal
