
Microsoft Visual Studio Solution File, Format Version 12.00
# Visual Studio Version 16
VisualStudioVersion = 16.0.30104.148
MinimumVisualStudioVersion = 10.0.40219.1
Project("{9A19103F-16F7-4668-BE54-9A1E7A4F7556}") = "DNVGL.OAuth.Demo", "DNVGL.OAuth.Demo.csproj", "{2EA97AD7-4A88-478C-85A9-AC00B934B237}"
EndProject
Project("{9A19103F-16F7-4668-BE54-9A1E7A4F7556}") = "DNVGL.OAuth.Web", "..\DNVGL.OAuth.Web\DNVGL.OAuth.Web.csproj", "{046A8CBC-4ABF-46AD-A238-1B50A6E99E88}"
EndProject
Project("{9A19103F-16F7-4668-BE54-9A1E7A4F7556}") = "DNVGL.OAuth.Web.Swagger", "..\DNVGL.OAuth.Web.Swagger\DNVGL.OAuth.Web.Swagger.csproj", "{BAC349E4-4075-4745-B46F-E267765BBD9A}"
EndProject
Global
	GlobalSection(SolutionConfigurationPlatforms) = preSolution
		Debug|Any CPU = Debug|Any CPU
		Release|Any CPU = Release|Any CPU
	EndGlobalSection
	GlobalSection(ProjectConfigurationPlatforms) = postSolution
		{2EA97AD7-4A88-478C-85A9-AC00B934B237}.Debug|Any CPU.ActiveCfg = Debug|Any CPU
		{2EA97AD7-4A88-478C-85A9-AC00B934B237}.Debug|Any CPU.Build.0 = Debug|Any CPU
		{2EA97AD7-4A88-478C-85A9-AC00B934B237}.Release|Any CPU.ActiveCfg = Release|Any CPU
		{2EA97AD7-4A88-478C-85A9-AC00B934B237}.Release|Any CPU.Build.0 = Release|Any CPU
		{046A8CBC-4ABF-46AD-A238-1B50A6E99E88}.Debug|Any CPU.ActiveCfg = Debug|Any CPU
		{046A8CBC-4ABF-46AD-A238-1B50A6E99E88}.Debug|Any CPU.Build.0 = Debug|Any CPU
		{046A8CBC-4ABF-46AD-A238-1B50A6E99E88}.Release|Any CPU.ActiveCfg = Release|Any CPU
		{046A8CBC-4ABF-46AD-A238-1B50A6E99E88}.Release|Any CPU.Build.0 = Release|Any CPU
		{BAC349E4-4075-4745-B46F-E267765BBD9A}.Debug|Any CPU.ActiveCfg = Debug|Any CPU
		{BAC349E4-4075-4745-B46F-E267765BBD9A}.Debug|Any CPU.Build.0 = Debug|Any CPU
		{BAC349E4-4075-4745-B46F-E267765BBD9A}.Release|Any CPU.ActiveCfg = Release|Any CPU
		{BAC349E4-4075-4745-B46F-E267765BBD9A}.Release|Any CPU.Build.0 = Release|Any CPU
	EndGlobalSection
	GlobalSection(SolutionProperties) = preSolution
		HideSolutionNode = FALSE
	EndGlobalSection
	GlobalSection(ExtensibilityGlobals) = postSolution
		SolutionGuid = {2AADA0C9-A20D-42CD-878E-35CD2C30FB56}
	EndGlobalSection
EndGlobal
