
Microsoft Visual Studio Solution File, Format Version 12.00
# Visual Studio Version 16
VisualStudioVersion = 16.0.30104.148
MinimumVisualStudioVersion = 10.0.40219.1
Project("{9A19103F-16F7-4668-BE54-9A1E7A4F7556}") = "DNVGL.OAuth.Demo", "DNVGL.OAuth.Demo.csproj", "{663E2BC5-F910-42CA-BE96-A680BE748667}"
EndProject
Project("{9A19103F-16F7-4668-BE54-9A1E7A4F7556}") = "DNVGL.OAuth.Web", "..\DNVGL.OAuth.Web\DNVGL.OAuth.Web.csproj", "{193D1FC1-7873-41EC-A130-6D4732CF0E6E}"
EndProject
Project("{9A19103F-16F7-4668-BE54-9A1E7A4F7556}") = "DNVGL.OAuth.Web.Swagger", "..\DNVGL.OAuth.Web.Swagger\DNVGL.OAuth.Web.Swagger.csproj", "{B3D844C4-2E91-4B35-B10A-C3DB435B6A48}"
EndProject
Project("{9A19103F-16F7-4668-BE54-9A1E7A4F7556}") = "DNVGL.AuthTest.Web", "..\DNVGL.AuthTest.Web\DNVGL.AuthTest.Web.csproj", "{D6613187-084A-4746-A2DF-4CCC2E2E5BCA}"
EndProject
Project("{9A19103F-16F7-4668-BE54-9A1E7A4F7556}") = "DNVGL.OAuth.Web.Abstractions", "..\DNVGL.OAuth.Web.Abstractions\DNVGL.OAuth.Web.Abstractions.csproj", "{9910C9AF-B327-47E7-92D5-CD6591E1D778}"
EndProject
Global
	GlobalSection(SolutionConfigurationPlatforms) = preSolution
		Debug|Any CPU = Debug|Any CPU
		Release|Any CPU = Release|Any CPU
	EndGlobalSection
	GlobalSection(ProjectConfigurationPlatforms) = postSolution
		{663E2BC5-F910-42CA-BE96-A680BE748667}.Debug|Any CPU.ActiveCfg = Debug|Any CPU
		{663E2BC5-F910-42CA-BE96-A680BE748667}.Debug|Any CPU.Build.0 = Debug|Any CPU
		{663E2BC5-F910-42CA-BE96-A680BE748667}.Release|Any CPU.ActiveCfg = Release|Any CPU
		{663E2BC5-F910-42CA-BE96-A680BE748667}.Release|Any CPU.Build.0 = Release|Any CPU
		{193D1FC1-7873-41EC-A130-6D4732CF0E6E}.Debug|Any CPU.ActiveCfg = Debug|Any CPU
		{193D1FC1-7873-41EC-A130-6D4732CF0E6E}.Debug|Any CPU.Build.0 = Debug|Any CPU
		{193D1FC1-7873-41EC-A130-6D4732CF0E6E}.Release|Any CPU.ActiveCfg = Release|Any CPU
		{193D1FC1-7873-41EC-A130-6D4732CF0E6E}.Release|Any CPU.Build.0 = Release|Any CPU
		{B3D844C4-2E91-4B35-B10A-C3DB435B6A48}.Debug|Any CPU.ActiveCfg = Debug|Any CPU
		{B3D844C4-2E91-4B35-B10A-C3DB435B6A48}.Debug|Any CPU.Build.0 = Debug|Any CPU
		{B3D844C4-2E91-4B35-B10A-C3DB435B6A48}.Release|Any CPU.ActiveCfg = Release|Any CPU
		{B3D844C4-2E91-4B35-B10A-C3DB435B6A48}.Release|Any CPU.Build.0 = Release|Any CPU
		{D6613187-084A-4746-A2DF-4CCC2E2E5BCA}.Debug|Any CPU.ActiveCfg = Debug|Any CPU
		{D6613187-084A-4746-A2DF-4CCC2E2E5BCA}.Debug|Any CPU.Build.0 = Debug|Any CPU
		{D6613187-084A-4746-A2DF-4CCC2E2E5BCA}.Release|Any CPU.ActiveCfg = Release|Any CPU
		{D6613187-084A-4746-A2DF-4CCC2E2E5BCA}.Release|Any CPU.Build.0 = Release|Any CPU
		{9910C9AF-B327-47E7-92D5-CD6591E1D778}.Debug|Any CPU.ActiveCfg = Debug|Any CPU
		{9910C9AF-B327-47E7-92D5-CD6591E1D778}.Debug|Any CPU.Build.0 = Debug|Any CPU
		{9910C9AF-B327-47E7-92D5-CD6591E1D778}.Release|Any CPU.ActiveCfg = Release|Any CPU
		{9910C9AF-B327-47E7-92D5-CD6591E1D778}.Release|Any CPU.Build.0 = Release|Any CPU
	EndGlobalSection
	GlobalSection(SolutionProperties) = preSolution
		HideSolutionNode = FALSE
	EndGlobalSection
	GlobalSection(ExtensibilityGlobals) = postSolution
		SolutionGuid = {BA2F02B7-E26D-4422-82B5-5BA630E5ADBB}
	EndGlobalSection
EndGlobal
